// !$*UTF8*$!
{
	archiveVersion = 1;
	classes = {
	};
	objectVersion = 55;
	objects = {

/* Begin PBXBuildFile section */
		0E5336202862DA9500FE9A78 /* CircularProgressBarMainViewController.swift in Sources */ = {isa = PBXBuildFile; fileRef = 0E53361F2862DA9500FE9A78 /* CircularProgressBarMainViewController.swift */; };
		0E5336222862DBF000FE9A78 /* CircularProgressBarView.swift in Sources */ = {isa = PBXBuildFile; fileRef = 0E5336212862DBF000FE9A78 /* CircularProgressBarView.swift */; };
		0EAB6BA2286040AC007A6C4F /* TableViewSectionDropDownMainViewController.swift in Sources */ = {isa = PBXBuildFile; fileRef = 0EAB6BA1286040AC007A6C4F /* TableViewSectionDropDownMainViewController.swift */; };
		0EAB6BA4286041CA007A6C4F /* TableViewSectionDropDownSectionCell.swift in Sources */ = {isa = PBXBuildFile; fileRef = 0EAB6BA3286041CA007A6C4F /* TableViewSectionDropDownSectionCell.swift */; };
		0EAB6BA72860426F007A6C4F /* TableViewSectionDropDownItemCell.swift in Sources */ = {isa = PBXBuildFile; fileRef = 0EAB6BA62860426F007A6C4F /* TableViewSectionDropDownItemCell.swift */; };
		0EBAF98B285DC94200693414 /* AppDelegate.swift in Sources */ = {isa = PBXBuildFile; fileRef = 0EBAF98A285DC94200693414 /* AppDelegate.swift */; };
		0EBAF98D285DC94200693414 /* SceneDelegate.swift in Sources */ = {isa = PBXBuildFile; fileRef = 0EBAF98C285DC94200693414 /* SceneDelegate.swift */; };
		0EBAF98F285DC94200693414 /* ViewController.swift in Sources */ = {isa = PBXBuildFile; fileRef = 0EBAF98E285DC94200693414 /* ViewController.swift */; };
		0EBAF994285DC94400693414 /* Assets.xcassets in Resources */ = {isa = PBXBuildFile; fileRef = 0EBAF993285DC94400693414 /* Assets.xcassets */; };
		0EBAF997285DC94400693414 /* LaunchScreen.storyboard in Resources */ = {isa = PBXBuildFile; fileRef = 0EBAF995285DC94400693414 /* LaunchScreen.storyboard */; };
		0EBAF9A3285DCA9A00693414 /* BaseTableViewCell.swift in Sources */ = {isa = PBXBuildFile; fileRef = 0EBAF9A2285DCA9A00693414 /* BaseTableViewCell.swift */; };
		0EBAF9A6285DCBC300693414 /* TapAndMoveViewController.swift in Sources */ = {isa = PBXBuildFile; fileRef = 0EBAF9A5285DCBC300693414 /* TapAndMoveViewController.swift */; };
		0ED2E04B285EE820009B2CE9 /* SnapKit in Frameworks */ = {isa = PBXBuildFile; productRef = 0ED2E04A285EE820009B2CE9 /* SnapKit */; };
		0ED2E04E285EEF68009B2CE9 /* HalfModalMainViewController.swift in Sources */ = {isa = PBXBuildFile; fileRef = 0ED2E04D285EEF68009B2CE9 /* HalfModalMainViewController.swift */; };
		0ED2E050285EF00F009B2CE9 /* Costant.swift in Sources */ = {isa = PBXBuildFile; fileRef = 0ED2E04F285EF00F009B2CE9 /* Costant.swift */; };
		0ED2E053285EF358009B2CE9 /* HalfModalViewController.swift in Sources */ = {isa = PBXBuildFile; fileRef = 0ED2E052285EF358009B2CE9 /* HalfModalViewController.swift */; };
/* End PBXBuildFile section */

/* Begin PBXFileReference section */
		0E53361F2862DA9500FE9A78 /* CircularProgressBarMainViewController.swift */ = {isa = PBXFileReference; lastKnownFileType = sourcecode.swift; path = CircularProgressBarMainViewController.swift; sourceTree = "<group>"; };
		0E5336212862DBF000FE9A78 /* CircularProgressBarView.swift */ = {isa = PBXFileReference; lastKnownFileType = sourcecode.swift; path = CircularProgressBarView.swift; sourceTree = "<group>"; };
		0EAB6BA1286040AC007A6C4F /* TableViewSectionDropDownMainViewController.swift */ = {isa = PBXFileReference; lastKnownFileType = sourcecode.swift; path = TableViewSectionDropDownMainViewController.swift; sourceTree = "<group>"; };
		0EAB6BA3286041CA007A6C4F /* TableViewSectionDropDownSectionCell.swift */ = {isa = PBXFileReference; lastKnownFileType = sourcecode.swift; path = TableViewSectionDropDownSectionCell.swift; sourceTree = "<group>"; };
		0EAB6BA62860426F007A6C4F /* TableViewSectionDropDownItemCell.swift */ = {isa = PBXFileReference; lastKnownFileType = sourcecode.swift; path = TableViewSectionDropDownItemCell.swift; sourceTree = "<group>"; };
		0EBAF987285DC94200693414 /* AnimationPractice.app */ = {isa = PBXFileReference; explicitFileType = wrapper.application; includeInIndex = 0; path = AnimationPractice.app; sourceTree = BUILT_PRODUCTS_DIR; };
		0EBAF98A285DC94200693414 /* AppDelegate.swift */ = {isa = PBXFileReference; lastKnownFileType = sourcecode.swift; path = AppDelegate.swift; sourceTree = "<group>"; };
		0EBAF98C285DC94200693414 /* SceneDelegate.swift */ = {isa = PBXFileReference; lastKnownFileType = sourcecode.swift; path = SceneDelegate.swift; sourceTree = "<group>"; };
		0EBAF98E285DC94200693414 /* ViewController.swift */ = {isa = PBXFileReference; lastKnownFileType = sourcecode.swift; path = ViewController.swift; sourceTree = "<group>"; };
		0EBAF993285DC94400693414 /* Assets.xcassets */ = {isa = PBXFileReference; lastKnownFileType = folder.assetcatalog; path = Assets.xcassets; sourceTree = "<group>"; };
		0EBAF996285DC94400693414 /* Base */ = {isa = PBXFileReference; lastKnownFileType = file.storyboard; name = Base; path = Base.lproj/LaunchScreen.storyboard; sourceTree = "<group>"; };
		0EBAF998285DC94400693414 /* Info.plist */ = {isa = PBXFileReference; lastKnownFileType = text.plist.xml; path = Info.plist; sourceTree = "<group>"; };
		0EBAF9A2285DCA9A00693414 /* BaseTableViewCell.swift */ = {isa = PBXFileReference; lastKnownFileType = sourcecode.swift; path = BaseTableViewCell.swift; sourceTree = "<group>"; };
		0EBAF9A5285DCBC300693414 /* TapAndMoveViewController.swift */ = {isa = PBXFileReference; lastKnownFileType = sourcecode.swift; path = TapAndMoveViewController.swift; sourceTree = "<group>"; };
		0ED2E04D285EEF68009B2CE9 /* HalfModalMainViewController.swift */ = {isa = PBXFileReference; lastKnownFileType = sourcecode.swift; path = HalfModalMainViewController.swift; sourceTree = "<group>"; };
		0ED2E04F285EF00F009B2CE9 /* Costant.swift */ = {isa = PBXFileReference; lastKnownFileType = sourcecode.swift; path = Costant.swift; sourceTree = "<group>"; };
		0ED2E052285EF358009B2CE9 /* HalfModalViewController.swift */ = {isa = PBXFileReference; lastKnownFileType = sourcecode.swift; path = HalfModalViewController.swift; sourceTree = "<group>"; };
/* End PBXFileReference section */

/* Begin PBXFrameworksBuildPhase section */
		0EBAF984285DC94200693414 /* Frameworks */ = {
			isa = PBXFrameworksBuildPhase;
			buildActionMask = 2147483647;
			files = (
				0ED2E04B285EE820009B2CE9 /* SnapKit in Frameworks */,
			);
			runOnlyForDeploymentPostprocessing = 0;
		};
/* End PBXFrameworksBuildPhase section */

/* Begin PBXGroup section */
		0E53361E2862DA7B00FE9A78 /* CircularProgressBar */ = {
			isa = PBXGroup;
			children = (
				0E53361F2862DA9500FE9A78 /* CircularProgressBarMainViewController.swift */,
				0E5336212862DBF000FE9A78 /* CircularProgressBarView.swift */,
			);
			path = CircularProgressBar;
			sourceTree = "<group>";
		};
		0EAB6BA028604066007A6C4F /* TableViewSectionDropDown */ = {
			isa = PBXGroup;
			children = (
				0EAB6BA1286040AC007A6C4F /* TableViewSectionDropDownMainViewController.swift */,
				0EAB6BA3286041CA007A6C4F /* TableViewSectionDropDownSectionCell.swift */,
				0EAB6BA62860426F007A6C4F /* TableViewSectionDropDownItemCell.swift */,
			);
			path = TableViewSectionDropDown;
			sourceTree = "<group>";
		};
		0EBAF97E285DC94200693414 = {
			isa = PBXGroup;
			children = (
				0EBAF989285DC94200693414 /* AnimationPractice */,
				0EBAF988285DC94200693414 /* Products */,
			);
			sourceTree = "<group>";
		};
		0EBAF988285DC94200693414 /* Products */ = {
			isa = PBXGroup;
			children = (
				0EBAF987285DC94200693414 /* AnimationPractice.app */,
			);
			name = Products;
			sourceTree = "<group>";
		};
		0EBAF989285DC94200693414 /* AnimationPractice */ = {
			isa = PBXGroup;
			children = (
				0E53361E2862DA7B00FE9A78 /* CircularProgressBar */,
				0EAB6BA028604066007A6C4F /* TableViewSectionDropDown */,
				0ED2E04C285EEF28009B2CE9 /* HalfModal */,
				0EBAF9A4285DCBB100693414 /* TapAndMove */,
				0EBAF9A1285DCA8800693414 /* BaseTableView */,
				0EBAF98A285DC94200693414 /* AppDelegate.swift */,
				0EBAF98C285DC94200693414 /* SceneDelegate.swift */,
				0EBAF993285DC94400693414 /* Assets.xcassets */,
				0EBAF995285DC94400693414 /* LaunchScreen.storyboard */,
				0EBAF998285DC94400693414 /* Info.plist */,
				0ED2E04F285EF00F009B2CE9 /* Costant.swift */,
			);
			path = AnimationPractice;
			sourceTree = "<group>";
		};
		0EBAF9A1285DCA8800693414 /* BaseTableView */ = {
			isa = PBXGroup;
			children = (
				0EBAF98E285DC94200693414 /* ViewController.swift */,
				0EBAF9A2285DCA9A00693414 /* BaseTableViewCell.swift */,
			);
			path = BaseTableView;
			sourceTree = "<group>";
		};
		0EBAF9A4285DCBB100693414 /* TapAndMove */ = {
			isa = PBXGroup;
			children = (
				0EBAF9A5285DCBC300693414 /* TapAndMoveViewController.swift */,
			);
			path = TapAndMove;
			sourceTree = "<group>";
		};
		0ED2E04C285EEF28009B2CE9 /* HalfModal */ = {
			isa = PBXGroup;
			children = (
				0ED2E04D285EEF68009B2CE9 /* HalfModalMainViewController.swift */,
				0ED2E052285EF358009B2CE9 /* HalfModalViewController.swift */,
			);
			path = HalfModal;
			sourceTree = "<group>";
		};
/* End PBXGroup section */

/* Begin PBXNativeTarget section */
		0EBAF986285DC94200693414 /* AnimationPractice */ = {
			isa = PBXNativeTarget;
			buildConfigurationList = 0EBAF99B285DC94400693414 /* Build configuration list for PBXNativeTarget "AnimationPractice" */;
			buildPhases = (
				0EBAF983285DC94200693414 /* Sources */,
				0EBAF984285DC94200693414 /* Frameworks */,
				0EBAF985285DC94200693414 /* Resources */,
			);
			buildRules = (
			);
			dependencies = (
			);
			name = AnimationPractice;
			packageProductDependencies = (
				0ED2E04A285EE820009B2CE9 /* SnapKit */,
			);
			productName = AnimationPractice;
			productReference = 0EBAF987285DC94200693414 /* AnimationPractice.app */;
			productType = "com.apple.product-type.application";
		};
/* End PBXNativeTarget section */

/* Begin PBXProject section */
		0EBAF97F285DC94200693414 /* Project object */ = {
			isa = PBXProject;
			attributes = {
				BuildIndependentTargetsInParallel = 1;
				LastSwiftUpdateCheck = 1340;
				LastUpgradeCheck = 1340;
				TargetAttributes = {
					0EBAF986285DC94200693414 = {
						CreatedOnToolsVersion = 13.4.1;
					};
				};
			};
			buildConfigurationList = 0EBAF982285DC94200693414 /* Build configuration list for PBXProject "AnimationPractice" */;
			compatibilityVersion = "Xcode 13.0";
			developmentRegion = en;
			hasScannedForEncodings = 0;
			knownRegions = (
				en,
				Base,
			);
			mainGroup = 0EBAF97E285DC94200693414;
			packageReferences = (
				0ED2E049285EE820009B2CE9 /* XCRemoteSwiftPackageReference "SnapKit" */,
			);
			productRefGroup = 0EBAF988285DC94200693414 /* Products */;
			projectDirPath = "";
			projectRoot = "";
			targets = (
				0EBAF986285DC94200693414 /* AnimationPractice */,
			);
		};
/* End PBXProject section */

/* Begin PBXResourcesBuildPhase section */
		0EBAF985285DC94200693414 /* Resources */ = {
			isa = PBXResourcesBuildPhase;
			buildActionMask = 2147483647;
			files = (
				0EBAF997285DC94400693414 /* LaunchScreen.storyboard in Resources */,
				0EBAF994285DC94400693414 /* Assets.xcassets in Resources */,
			);
			runOnlyForDeploymentPostprocessing = 0;
		};
/* End PBXResourcesBuildPhase section */

/* Begin PBXSourcesBuildPhase section */
		0EBAF983285DC94200693414 /* Sources */ = {
			isa = PBXSourcesBuildPhase;
			buildActionMask = 2147483647;
			files = (
				0EBAF9A3285DCA9A00693414 /* BaseTableViewCell.swift in Sources */,
				0EBAF98F285DC94200693414 /* ViewController.swift in Sources */,
				0EAB6BA72860426F007A6C4F /* TableViewSectionDropDownItemCell.swift in Sources */,
				0ED2E050285EF00F009B2CE9 /* Costant.swift in Sources */,
				0ED2E04E285EEF68009B2CE9 /* HalfModalMainViewController.swift in Sources */,
				0EAB6BA2286040AC007A6C4F /* TableViewSectionDropDownMainViewController.swift in Sources */,
				0EBAF98B285DC94200693414 /* AppDelegate.swift in Sources */,
				0EAB6BA4286041CA007A6C4F /* TableViewSectionDropDownSectionCell.swift in Sources */,
				0EBAF98D285DC94200693414 /* SceneDelegate.swift in Sources */,
				0E5336202862DA9500FE9A78 /* CircularProgressBarMainViewController.swift in Sources */,
				0E5336222862DBF000FE9A78 /* CircularProgressBarView.swift in Sources */,
				0EBAF9A6285DCBC300693414 /* TapAndMoveViewController.swift in Sources */,
				0ED2E053285EF358009B2CE9 /* HalfModalViewController.swift in Sources */,
			);
			runOnlyForDeploymentPostprocessing = 0;
		};
/* End PBXSourcesBuildPhase section */

/* Begin PBXVariantGroup section */
		0EBAF995285DC94400693414 /* LaunchScreen.storyboard */ = {
			isa = PBXVariantGroup;
			children = (
				0EBAF996285DC94400693414 /* Base */,
			);
			name = LaunchScreen.storyboard;
			sourceTree = "<group>";
		};
/* End PBXVariantGroup section */

/* Begin XCBuildConfiguration section */
		0EBAF999285DC94400693414 /* Debug */ = {
			isa = XCBuildConfiguration;
			buildSettings = {
				ALWAYS_SEARCH_USER_PATHS = NO;
				CLANG_ANALYZER_NONNULL = YES;
				CLANG_ANALYZER_NUMBER_OBJECT_CONVERSION = YES_AGGRESSIVE;
				CLANG_CXX_LANGUAGE_STANDARD = "gnu++17";
				CLANG_ENABLE_MODULES = YES;
				CLANG_ENABLE_OBJC_ARC = YES;
				CLANG_ENABLE_OBJC_WEAK = YES;
				CLANG_WARN_BLOCK_CAPTURE_AUTORELEASING = YES;
				CLANG_WARN_BOOL_CONVERSION = YES;
				CLANG_WARN_COMMA = YES;
				CLANG_WARN_CONSTANT_CONVERSION = YES;
				CLANG_WARN_DEPRECATED_OBJC_IMPLEMENTATIONS = YES;
				CLANG_WARN_DIRECT_OBJC_ISA_USAGE = YES_ERROR;
				CLANG_WARN_DOCUMENTATION_COMMENTS = YES;
				CLANG_WARN_EMPTY_BODY = YES;
				CLANG_WARN_ENUM_CONVERSION = YES;
				CLANG_WARN_INFINITE_RECURSION = YES;
				CLANG_WARN_INT_CONVERSION = YES;
				CLANG_WARN_NON_LITERAL_NULL_CONVERSION = YES;
				CLANG_WARN_OBJC_IMPLICIT_RETAIN_SELF = YES;
				CLANG_WARN_OBJC_LITERAL_CONVERSION = YES;
				CLANG_WARN_OBJC_ROOT_CLASS = YES_ERROR;
				CLANG_WARN_QUOTED_INCLUDE_IN_FRAMEWORK_HEADER = YES;
				CLANG_WARN_RANGE_LOOP_ANALYSIS = YES;
				CLANG_WARN_STRICT_PROTOTYPES = YES;
				CLANG_WARN_SUSPICIOUS_MOVE = YES;
				CLANG_WARN_UNGUARDED_AVAILABILITY = YES_AGGRESSIVE;
				CLANG_WARN_UNREACHABLE_CODE = YES;
				CLANG_WARN__DUPLICATE_METHOD_MATCH = YES;
				COPY_PHASE_STRIP = NO;
				DEBUG_INFORMATION_FORMAT = dwarf;
				ENABLE_STRICT_OBJC_MSGSEND = YES;
				ENABLE_TESTABILITY = YES;
				GCC_C_LANGUAGE_STANDARD = gnu11;
				GCC_DYNAMIC_NO_PIC = NO;
				GCC_NO_COMMON_BLOCKS = YES;
				GCC_OPTIMIZATION_LEVEL = 0;
				GCC_PREPROCESSOR_DEFINITIONS = (
					"DEBUG=1",
					"$(inherited)",
				);
				GCC_WARN_64_TO_32_BIT_CONVERSION = YES;
				GCC_WARN_ABOUT_RETURN_TYPE = YES_ERROR;
				GCC_WARN_UNDECLARED_SELECTOR = YES;
				GCC_WARN_UNINITIALIZED_AUTOS = YES_AGGRESSIVE;
				GCC_WARN_UNUSED_FUNCTION = YES;
				GCC_WARN_UNUSED_VARIABLE = YES;
				IPHONEOS_DEPLOYMENT_TARGET = 13.0;
				MTL_ENABLE_DEBUG_INFO = INCLUDE_SOURCE;
				MTL_FAST_MATH = YES;
				ONLY_ACTIVE_ARCH = YES;
				SDKROOT = iphoneos;
				SWIFT_ACTIVE_COMPILATION_CONDITIONS = DEBUG;
				SWIFT_OPTIMIZATION_LEVEL = "-Onone";
			};
			name = Debug;
		};
		0EBAF99A285DC94400693414 /* Release */ = {
			isa = XCBuildConfiguration;
			buildSettings = {
				ALWAYS_SEARCH_USER_PATHS = NO;
				CLANG_ANALYZER_NONNULL = YES;
				CLANG_ANALYZER_NUMBER_OBJECT_CONVERSION = YES_AGGRESSIVE;
				CLANG_CXX_LANGUAGE_STANDARD = "gnu++17";
				CLANG_ENABLE_MODULES = YES;
				CLANG_ENABLE_OBJC_ARC = YES;
				CLANG_ENABLE_OBJC_WEAK = YES;
				CLANG_WARN_BLOCK_CAPTURE_AUTORELEASING = YES;
				CLANG_WARN_BOOL_CONVERSION = YES;
				CLANG_WARN_COMMA = YES;
				CLANG_WARN_CONSTANT_CONVERSION = YES;
				CLANG_WARN_DEPRECATED_OBJC_IMPLEMENTATIONS = YES;
				CLANG_WARN_DIRECT_OBJC_ISA_USAGE = YES_ERROR;
				CLANG_WARN_DOCUMENTATION_COMMENTS = YES;
				CLANG_WARN_EMPTY_BODY = YES;
				CLANG_WARN_ENUM_CONVERSION = YES;
				CLANG_WARN_INFINITE_RECURSION = YES;
				CLANG_WARN_INT_CONVERSION = YES;
				CLANG_WARN_NON_LITERAL_NULL_CONVERSION = YES;
				CLANG_WARN_OBJC_IMPLICIT_RETAIN_SELF = YES;
				CLANG_WARN_OBJC_LITERAL_CONVERSION = YES;
				CLANG_WARN_OBJC_ROOT_CLASS = YES_ERROR;
				CLANG_WARN_QUOTED_INCLUDE_IN_FRAMEWORK_HEADER = YES;
				CLANG_WARN_RANGE_LOOP_ANALYSIS = YES;
				CLANG_WARN_STRICT_PROTOTYPES = YES;
				CLANG_WARN_SUSPICIOUS_MOVE = YES;
				CLANG_WARN_UNGUARDED_AVAILABILITY = YES_AGGRESSIVE;
				CLANG_WARN_UNREACHABLE_CODE = YES;
				CLANG_WARN__DUPLICATE_METHOD_MATCH = YES;
				COPY_PHASE_STRIP = NO;
				DEBUG_INFORMATION_FORMAT = "dwarf-with-dsym";
				ENABLE_NS_ASSERTIONS = NO;
				ENABLE_STRICT_OBJC_MSGSEND = YES;
				GCC_C_LANGUAGE_STANDARD = gnu11;
				GCC_NO_COMMON_BLOCKS = YES;
				GCC_WARN_64_TO_32_BIT_CONVERSION = YES;
				GCC_WARN_ABOUT_RETURN_TYPE = YES_ERROR;
				GCC_WARN_UNDECLARED_SELECTOR = YES;
				GCC_WARN_UNINITIALIZED_AUTOS = YES_AGGRESSIVE;
				GCC_WARN_UNUSED_FUNCTION = YES;
				GCC_WARN_UNUSED_VARIABLE = YES;
				IPHONEOS_DEPLOYMENT_TARGET = 13.0;
				MTL_ENABLE_DEBUG_INFO = NO;
				MTL_FAST_MATH = YES;
				SDKROOT = iphoneos;
				SWIFT_COMPILATION_MODE = wholemodule;
				SWIFT_OPTIMIZATION_LEVEL = "-O";
				VALIDATE_PRODUCT = YES;
			};
			name = Release;
		};
		0EBAF99C285DC94400693414 /* Debug */ = {
			isa = XCBuildConfiguration;
			buildSettings = {
				ASSETCATALOG_COMPILER_APPICON_NAME = AppIcon;
				ASSETCATALOG_COMPILER_GLOBAL_ACCENT_COLOR_NAME = AccentColor;
				CODE_SIGN_STYLE = Automatic;
				CURRENT_PROJECT_VERSION = 1;
				DEVELOPMENT_TEAM = 8PRV428ULN;
				GENERATE_INFOPLIST_FILE = YES;
				INFOPLIST_FILE = AnimationPractice/Info.plist;
				INFOPLIST_KEY_UIApplicationSupportsIndirectInputEvents = YES;
				INFOPLIST_KEY_UILaunchStoryboardName = LaunchScreen;
				INFOPLIST_KEY_UISupportedInterfaceOrientations_iPad = "UIInterfaceOrientationPortrait UIInterfaceOrientationPortraitUpsideDown UIInterfaceOrientationLandscapeLeft UIInterfaceOrientationLandscapeRight";
				INFOPLIST_KEY_UISupportedInterfaceOrientations_iPhone = "UIInterfaceOrientationPortrait UIInterfaceOrientationLandscapeLeft UIInterfaceOrientationLandscapeRight";
				LD_RUNPATH_SEARCH_PATHS = (
					"$(inherited)",
					"@executable_path/Frameworks",
				);
				MARKETING_VERSION = 1.0;
				PRODUCT_BUNDLE_IDENTIFIER = "com.J-Min.AnimationPractice";
				PRODUCT_NAME = "$(TARGET_NAME)";
				SWIFT_EMIT_LOC_STRINGS = YES;
				SWIFT_VERSION = 5.0;
				TARGETED_DEVICE_FAMILY = "1,2";
			};
			name = Debug;
		};
		0EBAF99D285DC94400693414 /* Release */ = {
			isa = XCBuildConfiguration;
			buildSettings = {
				ASSETCATALOG_COMPILER_APPICON_NAME = AppIcon;
				ASSETCATALOG_COMPILER_GLOBAL_ACCENT_COLOR_NAME = AccentColor;
				CODE_SIGN_STYLE = Automatic;
				CURRENT_PROJECT_VERSION = 1;
				DEVELOPMENT_TEAM = 8PRV428ULN;
				GENERATE_INFOPLIST_FILE = YES;
				INFOPLIST_FILE = AnimationPractice/Info.plist;
				INFOPLIST_KEY_UIApplicationSupportsIndirectInputEvents = YES;
				INFOPLIST_KEY_UILaunchStoryboardName = LaunchScreen;
				INFOPLIST_KEY_UISupportedInterfaceOrientations_iPad = "UIInterfaceOrientationPortrait UIInterfaceOrientationPortraitUpsideDown UIInterfaceOrientationLandscapeLeft UIInterfaceOrientationLandscapeRight";
				INFOPLIST_KEY_UISupportedInterfaceOrientations_iPhone = "UIInterfaceOrientationPortrait UIInterfaceOrientationLandscapeLeft UIInterfaceOrientationLandscapeRight";
				LD_RUNPATH_SEARCH_PATHS = (
					"$(inherited)",
					"@executable_path/Frameworks",
				);
				MARKETING_VERSION = 1.0;
				PRODUCT_BUNDLE_IDENTIFIER = "com.J-Min.AnimationPractice";
				PRODUCT_NAME = "$(TARGET_NAME)";
				SWIFT_EMIT_LOC_STRINGS = YES;
				SWIFT_VERSION = 5.0;
				TARGETED_DEVICE_FAMILY = "1,2";
			};
			name = Release;
		};
/* End XCBuildConfiguration section */

/* Begin XCConfigurationList section */
		0EBAF982285DC94200693414 /* Build configuration list for PBXProject "AnimationPractice" */ = {
			isa = XCConfigurationList;
			buildConfigurations = (
				0EBAF999285DC94400693414 /* Debug */,
				0EBAF99A285DC94400693414 /* Release */,
			);
			defaultConfigurationIsVisible = 0;
			defaultConfigurationName = Release;
		};
		0EBAF99B285DC94400693414 /* Build configuration list for PBXNativeTarget "AnimationPractice" */ = {
			isa = XCConfigurationList;
			buildConfigurations = (
				0EBAF99C285DC94400693414 /* Debug */,
				0EBAF99D285DC94400693414 /* Release */,
			);
			defaultConfigurationIsVisible = 0;
			defaultConfigurationName = Release;
		};
/* End XCConfigurationList section */

/* Begin XCRemoteSwiftPackageReference section */
		0ED2E049285EE820009B2CE9 /* XCRemoteSwiftPackageReference "SnapKit" */ = {
			isa = XCRemoteSwiftPackageReference;
			repositoryURL = "https://github.com/SnapKit/SnapKit.git";
			requirement = {
				kind = upToNextMajorVersion;
				minimumVersion = 5.0.0;
			};
		};
/* End XCRemoteSwiftPackageReference section */

/* Begin XCSwiftPackageProductDependency section */
		0ED2E04A285EE820009B2CE9 /* SnapKit */ = {
			isa = XCSwiftPackageProductDependency;
			package = 0ED2E049285EE820009B2CE9 /* XCRemoteSwiftPackageReference "SnapKit" */;
			productName = SnapKit;
		};
/* End XCSwiftPackageProductDependency section */
	};
	rootObject = 0EBAF97F285DC94200693414 /* Project object */;
}
